// !$*UTF8*$!
{
	archiveVersion = 1;
	classes = {
	};
	objectVersion = 46;
	objects = {

/* Begin PBXBuildFile section */
		801EAF411A638BF4008C3396 /* AppDelegate.swift in Sources */ = {isa = PBXBuildFile; fileRef = 801EAF401A638BF4008C3396 /* AppDelegate.swift */; };
		801EAF431A638BF4008C3396 /* ViewController.swift in Sources */ = {isa = PBXBuildFile; fileRef = 801EAF421A638BF4008C3396 /* ViewController.swift */; };
		801EAF461A638BF4008C3396 /* Main.storyboard in Resources */ = {isa = PBXBuildFile; fileRef = 801EAF441A638BF4008C3396 /* Main.storyboard */; };
		801EAF481A638BF4008C3396 /* Images.xcassets in Resources */ = {isa = PBXBuildFile; fileRef = 801EAF471A638BF4008C3396 /* Images.xcassets */; };
		801EAF4B1A638BF4008C3396 /* LaunchScreen.xib in Resources */ = {isa = PBXBuildFile; fileRef = 801EAF491A638BF4008C3396 /* LaunchScreen.xib */; };
		801EAF571A638BF4008C3396 /* SwiftWeatherTests.swift in Sources */ = {isa = PBXBuildFile; fileRef = 801EAF561A638BF4008C3396 /* SwiftWeatherTests.swift */; };
/* End PBXBuildFile section */

/* Begin PBXContainerItemProxy section */
		801EAF511A638BF4008C3396 /* PBXContainerItemProxy */ = {
			isa = PBXContainerItemProxy;
			containerPortal = 801EAF331A638BF4008C3396 /* Project object */;
			proxyType = 1;
			remoteGlobalIDString = 801EAF3A1A638BF4008C3396;
			remoteInfo = SwiftWeather;
		};
/* End PBXContainerItemProxy section */

/* Begin PBXFileReference section */
		801EAF3B1A638BF4008C3396 /* SwiftWeather.app */ = {isa = PBXFileReference; explicitFileType = wrapper.application; includeInIndex = 0; path = SwiftWeather.app; sourceTree = BUILT_PRODUCTS_DIR; };
		801EAF3F1A638BF4008C3396 /* Info.plist */ = {isa = PBXFileReference; lastKnownFileType = text.plist.xml; path = Info.plist; sourceTree = "<group>"; };
		801EAF401A638BF4008C3396 /* AppDelegate.swift */ = {isa = PBXFileReference; lastKnownFileType = sourcecode.swift; path = AppDelegate.swift; sourceTree = "<group>"; };
		801EAF421A638BF4008C3396 /* ViewController.swift */ = {isa = PBXFileReference; lastKnownFileType = sourcecode.swift; path = ViewController.swift; sourceTree = "<group>"; };
		801EAF451A638BF4008C3396 /* Base */ = {isa = PBXFileReference; lastKnownFileType = file.storyboard; name = Base; path = Base.lproj/Main.storyboard; sourceTree = "<group>"; };
		801EAF471A638BF4008C3396 /* Images.xcassets */ = {isa = PBXFileReference; lastKnownFileType = folder.assetcatalog; path = Images.xcassets; sourceTree = "<group>"; };
		801EAF4A1A638BF4008C3396 /* Base */ = {isa = PBXFileReference; lastKnownFileType = file.xib; name = Base; path = Base.lproj/LaunchScreen.xib; sourceTree = "<group>"; };
		801EAF501A638BF4008C3396 /* SwiftWeatherTests.xctest */ = {isa = PBXFileReference; explicitFileType = wrapper.cfbundle; includeInIndex = 0; path = SwiftWeatherTests.xctest; sourceTree = BUILT_PRODUCTS_DIR; };
		801EAF551A638BF4008C3396 /* Info.plist */ = {isa = PBXFileReference; lastKnownFileType = text.plist.xml; path = Info.plist; sourceTree = "<group>"; };
		801EAF561A638BF4008C3396 /* SwiftWeatherTests.swift */ = {isa = PBXFileReference; lastKnownFileType = sourcecode.swift; path = SwiftWeatherTests.swift; sourceTree = "<group>"; };
/* End PBXFileReference section */

/* Begin PBXFrameworksBuildPhase section */
		801EAF381A638BF4008C3396 /* Frameworks */ = {
			isa = PBXFrameworksBuildPhase;
			buildActionMask = 2147483647;
			files = (
			);
			runOnlyForDeploymentPostprocessing = 0;
		};
		801EAF4D1A638BF4008C3396 /* Frameworks */ = {
			isa = PBXFrameworksBuildPhase;
			buildActionMask = 2147483647;
			files = (
			);
			runOnlyForDeploymentPostprocessing = 0;
		};
/* End PBXFrameworksBuildPhase section */

/* Begin PBXGroup section */
		801EAF321A638BF4008C3396 = {
			isa = PBXGroup;
			children = (
				801EAF3D1A638BF4008C3396 /* SwiftWeather */,
				801EAF531A638BF4008C3396 /* SwiftWeatherTests */,
				801EAF3C1A638BF4008C3396 /* Products */,
			);
			sourceTree = "<group>";
		};
		801EAF3C1A638BF4008C3396 /* Products */ = {
			isa = PBXGroup;
			children = (
				801EAF3B1A638BF4008C3396 /* SwiftWeather.app */,
				801EAF501A638BF4008C3396 /* SwiftWeatherTests.xctest */,
			);
			name = Products;
			sourceTree = "<group>";
		};
		801EAF3D1A638BF4008C3396 /* SwiftWeather */ = {
			isa = PBXGroup;
			children = (
				801EAF401A638BF4008C3396 /* AppDelegate.swift */,
				801EAF421A638BF4008C3396 /* ViewController.swift */,
				801EAF441A638BF4008C3396 /* Main.storyboard */,
				801EAF471A638BF4008C3396 /* Images.xcassets */,
				801EAF491A638BF4008C3396 /* LaunchScreen.xib */,
				801EAF3E1A638BF4008C3396 /* Supporting Files */,
			);
			path = SwiftWeather;
			sourceTree = "<group>";
		};
		801EAF3E1A638BF4008C3396 /* Supporting Files */ = {
			isa = PBXGroup;
			children = (
				801EAF3F1A638BF4008C3396 /* Info.plist */,
			);
			name = "Supporting Files";
			sourceTree = "<group>";
		};
		801EAF531A638BF4008C3396 /* SwiftWeatherTests */ = {
			isa = PBXGroup;
			children = (
				801EAF561A638BF4008C3396 /* SwiftWeatherTests.swift */,
				801EAF541A638BF4008C3396 /* Supporting Files */,
			);
			path = SwiftWeatherTests;
			sourceTree = "<group>";
		};
		801EAF541A638BF4008C3396 /* Supporting Files */ = {
			isa = PBXGroup;
			children = (
				801EAF551A638BF4008C3396 /* Info.plist */,
			);
			name = "Supporting Files";
			sourceTree = "<group>";
		};
/* End PBXGroup section */

/* Begin PBXNativeTarget section */
		801EAF3A1A638BF4008C3396 /* SwiftWeather */ = {
			isa = PBXNativeTarget;
			buildConfigurationList = 801EAF5A1A638BF4008C3396 /* Build configuration list for PBXNativeTarget "SwiftWeather" */;
			buildPhases = (
				801EAF371A638BF4008C3396 /* Sources */,
				801EAF381A638BF4008C3396 /* Frameworks */,
				801EAF391A638BF4008C3396 /* Resources */,
			);
			buildRules = (
			);
			dependencies = (
			);
			name = SwiftWeather;
			productName = SwiftWeather;
			productReference = 801EAF3B1A638BF4008C3396 /* SwiftWeather.app */;
			productType = "com.apple.product-type.application";
		};
		801EAF4F1A638BF4008C3396 /* SwiftWeatherTests */ = {
			isa = PBXNativeTarget;
			buildConfigurationList = 801EAF5D1A638BF4008C3396 /* Build configuration list for PBXNativeTarget "SwiftWeatherTests" */;
			buildPhases = (
				801EAF4C1A638BF4008C3396 /* Sources */,
				801EAF4D1A638BF4008C3396 /* Frameworks */,
				801EAF4E1A638BF4008C3396 /* Resources */,
			);
			buildRules = (
			);
			dependencies = (
				801EAF521A638BF4008C3396 /* PBXTargetDependency */,
			);
			name = SwiftWeatherTests;
			productName = SwiftWeatherTests;
			productReference = 801EAF501A638BF4008C3396 /* SwiftWeatherTests.xctest */;
			productType = "com.apple.product-type.bundle.unit-test";
		};
/* End PBXNativeTarget section */

/* Begin PBXProject section */
		801EAF331A638BF4008C3396 /* Project object */ = {
			isa = PBXProject;
			attributes = {
				LastUpgradeCheck = 0610;
				ORGANIZATIONNAME = angeldswang;
				TargetAttributes = {
					801EAF3A1A638BF4008C3396 = {
						CreatedOnToolsVersion = 6.1.1;
					};
					801EAF4F1A638BF4008C3396 = {
						CreatedOnToolsVersion = 6.1.1;
						TestTargetID = 801EAF3A1A638BF4008C3396;
					};
				};
			};
			buildConfigurationList = 801EAF361A638BF4008C3396 /* Build configuration list for PBXProject "SwiftWeather" */;
			compatibilityVersion = "Xcode 3.2";
			developmentRegion = English;
			hasScannedForEncodings = 0;
			knownRegions = (
				en,
				Base,
			);
			mainGroup = 801EAF321A638BF4008C3396;
			productRefGroup = 801EAF3C1A638BF4008C3396 /* Products */;
			projectDirPath = "";
			projectRoot = "";
			targets = (
				801EAF3A1A638BF4008C3396 /* SwiftWeather */,
				801EAF4F1A638BF4008C3396 /* SwiftWeatherTests */,
			);
		};
/* End PBXProject section */

/* Begin PBXResourcesBuildPhase section */
		801EAF391A638BF4008C3396 /* Resources */ = {
			isa = PBXResourcesBuildPhase;
			buildActionMask = 2147483647;
			files = (
				801EAF461A638BF4008C3396 /* Main.storyboard in Resources */,
				801EAF4B1A638BF4008C3396 /* LaunchScreen.xib in Resources */,
				801EAF481A638BF4008C3396 /* Images.xcassets in Resources */,
			);
			runOnlyForDeploymentPostprocessing = 0;
		};
		801EAF4E1A638BF4008C3396 /* Resources */ = {
			isa = PBXResourcesBuildPhase;
			buildActionMask = 2147483647;
			files = (
			);
			runOnlyForDeploymentPostprocessing = 0;
		};
/* End PBXResourcesBuildPhase section */

/* Begin PBXSourcesBuildPhase section */
		801EAF371A638BF4008C3396 /* Sources */ = {
			isa = PBXSourcesBuildPhase;
			buildActionMask = 2147483647;
			files = (
				801EAF431A638BF4008C3396 /* ViewController.swift in Sources */,
				801EAF411A638BF4008C3396 /* AppDelegate.swift in Sources */,
			);
			runOnlyForDeploymentPostprocessing = 0;
		};
		801EAF4C1A638BF4008C3396 /* Sources */ = {
			isa = PBXSourcesBuildPhase;
			buildActionMask = 2147483647;
			files = (
				801EAF571A638BF4008C3396 /* SwiftWeatherTests.swift in Sources */,
			);
			runOnlyForDeploymentPostprocessing = 0;
		};
/* End PBXSourcesBuildPhase section */

/* Begin PBXTargetDependency section */
		801EAF521A638BF4008C3396 /* PBXTargetDependency */ = {
			isa = PBXTargetDependency;
			target = 801EAF3A1A638BF4008C3396 /* SwiftWeather */;
			targetProxy = 801EAF511A638BF4008C3396 /* PBXContainerItemProxy */;
		};
/* End PBXTargetDependency section */

/* Begin PBXVariantGroup section */
		801EAF441A638BF4008C3396 /* Main.storyboard */ = {
			isa = PBXVariantGroup;
			children = (
				801EAF451A638BF4008C3396 /* Base */,
			);
			name = Main.storyboard;
			sourceTree = "<group>";
		};
		801EAF491A638BF4008C3396 /* LaunchScreen.xib */ = {
			isa = PBXVariantGroup;
			children = (
				801EAF4A1A638BF4008C3396 /* Base */,
			);
			name = LaunchScreen.xib;
			sourceTree = "<group>";
		};
/* End PBXVariantGroup section */

/* Begin XCBuildConfiguration section */
		801EAF581A638BF4008C3396 /* Debug */ = {
			isa = XCBuildConfiguration;
			buildSettings = {
				ALWAYS_SEARCH_USER_PATHS = NO;
				CLANG_CXX_LANGUAGE_STANDARD = "gnu++0x";
				CLANG_CXX_LIBRARY = "libc++";
				CLANG_ENABLE_MODULES = YES;
				CLANG_ENABLE_OBJC_ARC = YES;
				CLANG_WARN_BOOL_CONVERSION = YES;
				CLANG_WARN_CONSTANT_CONVERSION = YES;
				CLANG_WARN_DIRECT_OBJC_ISA_USAGE = YES_ERROR;
				CLANG_WARN_EMPTY_BODY = YES;
				CLANG_WARN_ENUM_CONVERSION = YES;
				CLANG_WARN_INT_CONVERSION = YES;
				CLANG_WARN_OBJC_ROOT_CLASS = YES_ERROR;
				CLANG_WARN_UNREACHABLE_CODE = YES;
				CLANG_WARN__DUPLICATE_METHOD_MATCH = YES;
				"CODE_SIGN_IDENTITY[sdk=iphoneos*]" = "iPhone Developer";
				COPY_PHASE_STRIP = NO;
				ENABLE_STRICT_OBJC_MSGSEND = YES;
				GCC_C_LANGUAGE_STANDARD = gnu99;
				GCC_DYNAMIC_NO_PIC = NO;
				GCC_OPTIMIZATION_LEVEL = 0;
				GCC_PREPROCESSOR_DEFINITIONS = (
					"DEBUG=1",
					"$(inherited)",
				);
				GCC_SYMBOLS_PRIVATE_EXTERN = NO;
				GCC_WARN_64_TO_32_BIT_CONVERSION = YES;
				GCC_WARN_ABOUT_RETURN_TYPE = YES_ERROR;
				GCC_WARN_UNDECLARED_SELECTOR = YES;
				GCC_WARN_UNINITIALIZED_AUTOS = YES_AGGRESSIVE;
				GCC_WARN_UNUSED_FUNCTION = YES;
				GCC_WARN_UNUSED_VARIABLE = YES;
				IPHONEOS_DEPLOYMENT_TARGET = 8.1;
				MTL_ENABLE_DEBUG_INFO = YES;
				ONLY_ACTIVE_ARCH = YES;
				SDKROOT = iphoneos;
				SWIFT_OPTIMIZATION_LEVEL = "-Onone";
			};
			name = Debug;
		};
		801EAF591A638BF4008C3396 /* Release */ = {
			isa = XCBuildConfiguration;
			buildSettings = {
				ALWAYS_SEARCH_USER_PATHS = NO;
				CLANG_CXX_LANGUAGE_STANDARD = "gnu++0x";
				CLANG_CXX_LIBRARY = "libc++";
				CLANG_ENABLE_MODULES = YES;
				CLANG_ENABLE_OBJC_ARC = YES;
				CLANG_WARN_BOOL_CONVERSION = YES;
				CLANG_WARN_CONSTANT_CONVERSION = YES;
				CLANG_WARN_DIRECT_OBJC_ISA_USAGE = YES_ERROR;
				CLANG_WARN_EMPTY_BODY = YES;
				CLANG_WARN_ENUM_CONVERSION = YES;
				CLANG_WARN_INT_CONVERSION = YES;
				CLANG_WARN_OBJC_ROOT_CLASS = YES_ERROR;
				CLANG_WARN_UNREACHABLE_CODE = YES;
				CLANG_WARN__DUPLICATE_METHOD_MATCH = YES;
				"CODE_SIGN_IDENTITY[sdk=iphoneos*]" = "iPhone Developer";
				COPY_PHASE_STRIP = YES;
				ENABLE_NS_ASSERTIONS = NO;
				ENABLE_STRICT_OBJC_MSGSEND = YES;
				GCC_C_LANGUAGE_STANDARD = gnu99;
				GCC_WARN_64_TO_32_BIT_CONVERSION = YES;
				GCC_WARN_ABOUT_RETURN_TYPE = YES_ERROR;
				GCC_WARN_UNDECLARED_SELECTOR = YES;
				GCC_WARN_UNINITIALIZED_AUTOS = YES_AGGRESSIVE;
				GCC_WARN_UNUSED_FUNCTION = YES;
				GCC_WARN_UNUSED_VARIABLE = YES;
				IPHONEOS_DEPLOYMENT_TARGET = 8.1;
				MTL_ENABLE_DEBUG_INFO = NO;
				SDKROOT = iphoneos;
				VALIDATE_PRODUCT = YES;
			};
			name = Release;
		};
		801EAF5B1A638BF4008C3396 /* Debug */ = {
			isa = XCBuildConfiguration;
			buildSettings = {
				ASSETCATALOG_COMPILER_APPICON_NAME = AppIcon;
				INFOPLIST_FILE = SwiftWeather/Info.plist;
				LD_RUNPATH_SEARCH_PATHS = "$(inherited) @executable_path/Frameworks";
				PRODUCT_NAME = "$(TARGET_NAME)";
			};
			name = Debug;
		};
		801EAF5C1A638BF4008C3396 /* Release */ = {
			isa = XCBuildConfiguration;
			buildSettings = {
				ASSETCATALOG_COMPILER_APPICON_NAME = AppIcon;
				INFOPLIST_FILE = SwiftWeather/Info.plist;
				LD_RUNPATH_SEARCH_PATHS = "$(inherited) @executable_path/Frameworks";
				PRODUCT_NAME = "$(TARGET_NAME)";
			};
			name = Release;
		};
		801EAF5E1A638BF4008C3396 /* Debug */ = {
			isa = XCBuildConfiguration;
			buildSettings = {
				BUNDLE_LOADER = "$(TEST_HOST)";
				FRAMEWORK_SEARCH_PATHS = (
					"$(SDKROOT)/Developer/Library/Frameworks",
					"$(inherited)",
				);
				GCC_PREPROCESSOR_DEFINITIONS = (
					"DEBUG=1",
					"$(inherited)",
				);
				INFOPLIST_FILE = SwiftWeatherTests/Info.plist;
				LD_RUNPATH_SEARCH_PATHS = "$(inherited) @executable_path/Frameworks @loader_path/Frameworks";
				PRODUCT_NAME = "$(TARGET_NAME)";
				TEST_HOST = "$(BUILT_PRODUCTS_DIR)/SwiftWeather.app/SwiftWeather";
			};
			name = Debug;
		};
		801EAF5F1A638BF4008C3396 /* Release */ = {
			isa = XCBuildConfiguration;
			buildSettings = {
				BUNDLE_LOADER = "$(TEST_HOST)";
				FRAMEWORK_SEARCH_PATHS = (
					"$(SDKROOT)/Developer/Library/Frameworks",
					"$(inherited)",
				);
				INFOPLIST_FILE = SwiftWeatherTests/Info.plist;
				LD_RUNPATH_SEARCH_PATHS = "$(inherited) @executable_path/Frameworks @loader_path/Frameworks";
				PRODUCT_NAME = "$(TARGET_NAME)";
				TEST_HOST = "$(BUILT_PRODUCTS_DIR)/SwiftWeather.app/SwiftWeather";
			};
			name = Release;
		};
/* End XCBuildConfiguration section */

/* Begin XCConfigurationList section */
		801EAF361A638BF4008C3396 /* Build configuration list for PBXProject "SwiftWeather" */ = {
			isa = XCConfigurationList;
			buildConfigurations = (
				801EAF581A638BF4008C3396 /* Debug */,
				801EAF591A638BF4008C3396 /* Release */,
			);
			defaultConfigurationIsVisible = 0;
			defaultConfigurationName = Release;
		};
		801EAF5A1A638BF4008C3396 /* Build configuration list for PBXNativeTarget "SwiftWeather" */ = {
			isa = XCConfigurationList;
			buildConfigurations = (
				801EAF5B1A638BF4008C3396 /* Debug */,
				801EAF5C1A638BF4008C3396 /* Release */,
			);
			defaultConfigurationIsVisible = 0;
		};
		801EAF5D1A638BF4008C3396 /* Build configuration list for PBXNativeTarget "SwiftWeatherTests" */ = {
			isa = XCConfigurationList;
			buildConfigurations = (
				801EAF5E1A638BF4008C3396 /* Debug */,
				801EAF5F1A638BF4008C3396 /* Release */,
			);
			defaultConfigurationIsVisible = 0;
		};
/* End XCConfigurationList section */
	};
	rootObject = 801EAF331A638BF4008C3396 /* Project object */;
}
